<?xml version="1.0" encoding="utf-8"?>
<Project ToolsVersion="4.0" xmlns="http://schemas.microsoft.com/developer/msbuild/2003">
  <ItemGroup>
    <Filter Include="Source Files">
      <UniqueIdentifier>{4FC737F1-C7A5-4376-A066-2A32D752A2FF}</UniqueIdentifier>
      <Extensions>cpp;c;cc;cxx;c++;cppm;ixx;def;odl;idl;hpj;bat;asm;asmx</Extensions>
    </Filter>
    <Filter Include="Header Files">
      <UniqueIdentifier>{93995380-89BD-4b04-88EB-625FBE52EBFB}</UniqueIdentifier>
      <Extensions>h;hh;hpp;hxx;h++;hm;inl;inc;ipp;xsd</Extensions>
    </Filter>
    <Filter Include="Resource Files">
      <UniqueIdentifier>{67DA6AB6-F800-4c08-8B7A-83BB121AAD01}</UniqueIdentifier>
      <Extensions>rc;ico;cur;bmp;dlg;rc2;rct;bin;rgs;gif;jpg;jpeg;jpe;resx;tiff;tif;png;wav;mfcribbon-ms</Extensions>
    </Filter>
    <Filter Include="Header Files\GLib">
      <UniqueIdentifier>{955d47de-52ac-4e39-a43d-189b09c64f4c}</UniqueIdentifier>
    </Filter>
    <Filter Include="Header Files\Physics">
      <UniqueIdentifier>{2cd431d1-b494-49d8-b0a9-77ddd4033686}</UniqueIdentifier>
    </Filter>
    <Filter Include="Source Files\Physics">
      <UniqueIdentifier>{ff65ef24-c2d2-4f12-bf3d-fce4538106a2}</UniqueIdentifier>
    </Filter>
    <Filter Include="Header Files\SmartPointer">
      <UniqueIdentifier>{c6961212-b850-4037-9610-75cf261d09f8}</UniqueIdentifier>
    </Filter>
    <Filter Include="Source Files\SmartPointer">
      <UniqueIdentifier>{d7cdd4c9-0e7c-4cf6-b9de-faf2cfc36e11}</UniqueIdentifier>
    </Filter>
    <Filter Include="Header Files\Utility">
      <UniqueIdentifier>{c0812901-c92d-4833-b214-0e1328341cbf}</UniqueIdentifier>
    </Filter>
    <Filter Include="Source Files\Utility">
      <UniqueIdentifier>{d7698e52-6d13-4a61-a671-fe0e132dd1f4}</UniqueIdentifier>
    </Filter>
    <Filter Include="Header Files\Renderer">
      <UniqueIdentifier>{04c078a5-6808-4b84-8524-c8128de77d88}</UniqueIdentifier>
    </Filter>
    <Filter Include="Source Files\Renderer">
      <UniqueIdentifier>{cb370375-fb6c-4431-b5b7-548b6db69deb}</UniqueIdentifier>
    </Filter>
  </ItemGroup>
  <ItemGroup>
    <ClInclude Include="..\Libraries\GLib\BasicTypes.h">
      <Filter>Header Files\GLib</Filter>
    </ClInclude>
    <ClInclude Include="..\Libraries\GLib\GLib.h">
      <Filter>Header Files\GLib</Filter>
    </ClInclude>
    <ClInclude Include="2DPhysicsObj.h">
      <Filter>Header Files\Physics</Filter>
    </ClInclude>
    <ClInclude Include="Physics.h">
      <Filter>Header Files\Physics</Filter>
    </ClInclude>
    <ClInclude Include="GameObjectOwner.h">
      <Filter>Header Files\SmartPointer</Filter>
    </ClInclude>
    <ClInclude Include="GameObject.h">
      <Filter>Header Files\SmartPointer</Filter>
    </ClInclude>
    <ClInclude Include="GameObjectObserver.h">
      <Filter>Header Files\SmartPointer</Filter>
    </ClInclude>
    <ClInclude Include="Counters.h">
      <Filter>Header Files\SmartPointer</Filter>
    </ClInclude>
    <ClInclude Include="2DPhysicsObj-inl.h">
      <Filter>Header Files\Physics</Filter>
    </ClInclude>
    <ClInclude Include="Point2D.h">
      <Filter>Header Files\Utility</Filter>
    </ClInclude>
    <ClInclude Include="Point2D-inl.h">
      <Filter>Header Files\Utility</Filter>
    </ClInclude>
    <ClInclude Include="Timing.h">
      <Filter>Header Files\Utility</Filter>
    </ClInclude>
    <ClInclude Include="Renderable.h">
      <Filter>Header Files\Renderer</Filter>
    </ClInclude>
    <ClInclude Include="Renderer.h">
      <Filter>Header Files\Renderer</Filter>
    </ClInclude>
    <ClInclude Include="Renderable-inl.h">
      <Filter>Header Files\Renderer</Filter>
    </ClInclude>
    <ClInclude Include="JSON.h">
      <Filter>Header Files\Utility</Filter>
    </ClInclude>
  </ItemGroup>
  <ItemGroup>
    <ClCompile Include="Physics.cpp">
      <Filter>Source Files\Physics</Filter>
    </ClCompile>
    <ClCompile Include="2DPhysicsObj.cpp">
      <Filter>Source Files\Physics</Filter>
    </ClCompile>
    <ClCompile Include="GameObject.cpp">
      <Filter>Source Files\SmartPointer</Filter>
    </ClCompile>
    <ClCompile Include="GameObjectOwner.cpp">
      <Filter>Source Files\SmartPointer</Filter>
    </ClCompile>
    <ClCompile Include="GameObjectObserver.cpp">
      <Filter>Source Files\SmartPointer</Filter>
    </ClCompile>
    <ClCompile Include="Point2D.cpp">
      <Filter>Source Files\Utility</Filter>
    </ClCompile>
    <ClCompile Include="TimingWin.cpp">
      <Filter>Source Files\Utility</Filter>
    </ClCompile>
    <ClCompile Include="Renderable.cpp">
      <Filter>Source Files\Renderer</Filter>
    </ClCompile>
    <ClCompile Include="Renderer.cpp">
      <Filter>Source Files\Renderer</Filter>
    </ClCompile>
    <ClCompile Include="JSON.cpp">
      <Filter>Source Files\Utility</Filter>
    </ClCompile>
  </ItemGroup>
</Project>