<?xml version="1.0" encoding="utf-8"?>
<Project ToolsVersion="4.0" xmlns="http://schemas.microsoft.com/developer/msbuild/2003">
  <ItemGroup>
    <Filter Include="Source Files">
      <UniqueIdentifier>{4FC737F1-C7A5-4376-A066-2A32D752A2FF}</UniqueIdentifier>
      <Extensions>cpp;c;cc;cxx;c++;cppm;ixx;def;odl;idl;hpj;bat;asm;asmx</Extensions>
    </Filter>
    <Filter Include="Header Files">
      <UniqueIdentifier>{93995380-89BD-4b04-88EB-625FBE52EBFB}</UniqueIdentifier>
      <Extensions>h;hh;hpp;hxx;h++;hm;inl;inc;ipp;xsd</Extensions>
    </Filter>
    <Filter Include="Resource Files">
      <UniqueIdentifier>{67DA6AB6-F800-4c08-8B7A-83BB121AAD01}</UniqueIdentifier>
      <Extensions>rc;ico;cur;bmp;dlg;rc2;rct;bin;rgs;gif;jpg;jpeg;jpe;resx;tiff;tif;png;wav;mfcribbon-ms</Extensions>
    </Filter>
    <Filter Include="Header Files\GLib">
      <UniqueIdentifier>{955d47de-52ac-4e39-a43d-189b09c64f4c}</UniqueIdentifier>
    </Filter>
    <Filter Include="Header Files\Physics">
      <UniqueIdentifier>{2cd431d1-b494-49d8-b0a9-77ddd4033686}</UniqueIdentifier>
    </Filter>
    <Filter Include="Source Files\Physics">
      <UniqueIdentifier>{ff65ef24-c2d2-4f12-bf3d-fce4538106a2}</UniqueIdentifier>
    </Filter>
    <Filter Include="Header Files\SmartPointer">
      <UniqueIdentifier>{c6961212-b850-4037-9610-75cf261d09f8}</UniqueIdentifier>
    </Filter>
    <Filter Include="Header Files\Utility">
      <UniqueIdentifier>{c0812901-c92d-4833-b214-0e1328341cbf}</UniqueIdentifier>
    </Filter>
    <Filter Include="Source Files\Utility">
      <UniqueIdentifier>{d7698e52-6d13-4a61-a671-fe0e132dd1f4}</UniqueIdentifier>
    </Filter>
    <Filter Include="Header Files\Renderer">
      <UniqueIdentifier>{04c078a5-6808-4b84-8524-c8128de77d88}</UniqueIdentifier>
    </Filter>
    <Filter Include="Source Files\Renderer">
      <UniqueIdentifier>{cb370375-fb6c-4431-b5b7-548b6db69deb}</UniqueIdentifier>
    </Filter>
    <Filter Include="Header Files\Utility\Matrixes">
      <UniqueIdentifier>{5bcc44a7-4527-48d8-bed8-0fcc38673b56}</UniqueIdentifier>
    </Filter>
    <Filter Include="Source Files\Utility\Matrixes">
      <UniqueIdentifier>{90f2eebb-cb2a-47bc-851b-41bb8bb6e8da}</UniqueIdentifier>
    </Filter>
    <Filter Include="Source Files\Engine">
      <UniqueIdentifier>{37baacc7-6257-4d9f-91e1-1770782242ee}</UniqueIdentifier>
    </Filter>
    <Filter Include="Source Files\Engine\JobSystem">
      <UniqueIdentifier>{010eafae-73b9-427f-a39b-f12dfaeb6bd7}</UniqueIdentifier>
    </Filter>
    <Filter Include="Source Files\Engine\Console">
      <UniqueIdentifier>{adc298d4-f73e-454a-9d70-81c93929b022}</UniqueIdentifier>
    </Filter>
    <Filter Include="Source Files\Engine\HashedString">
      <UniqueIdentifier>{dfb77698-4c3b-4f4d-9b24-ce243585e7f1}</UniqueIdentifier>
    </Filter>
    <Filter Include="Source Files\Engine\Syncronization">
      <UniqueIdentifier>{e227146c-cf8a-4733-b0e6-86f7845d130e}</UniqueIdentifier>
    </Filter>
    <Filter Include="Header Files\Engine">
      <UniqueIdentifier>{dbec37c6-da91-49fd-aeee-30822e7ab975}</UniqueIdentifier>
    </Filter>
    <Filter Include="Header Files\Engine\JobSystem">
      <UniqueIdentifier>{cf04b71d-1277-4b54-8508-c3621a87c724}</UniqueIdentifier>
    </Filter>
    <Filter Include="Header Files\Engine\Windows">
      <UniqueIdentifier>{ff165816-3ae1-43f3-98c2-5c58bb9f0670}</UniqueIdentifier>
    </Filter>
    <Filter Include="Header Files\Engine\Console">
      <UniqueIdentifier>{0ee8fa94-ea71-4180-9da7-386c9717170f}</UniqueIdentifier>
    </Filter>
    <Filter Include="Header Files\Engine\HashedString">
      <UniqueIdentifier>{9e366ea4-d1da-440b-ab9a-583306eaed61}</UniqueIdentifier>
    </Filter>
    <Filter Include="Header Files\Engine\Syncronization">
      <UniqueIdentifier>{6dc592c8-e4fd-4b83-a088-3993068251e3}</UniqueIdentifier>
    </Filter>
    <Filter Include="Header Files\Collision">
      <UniqueIdentifier>{9f6f162e-76cb-44c0-994f-93b62b8352c4}</UniqueIdentifier>
    </Filter>
    <Filter Include="Source Files\Collision">
      <UniqueIdentifier>{65271d54-f1e2-4f34-896d-8015723046cd}</UniqueIdentifier>
    </Filter>
  </ItemGroup>
  <ItemGroup>
    <ClInclude Include="..\Libraries\GLib\BasicTypes.h">
      <Filter>Header Files\GLib</Filter>
    </ClInclude>
    <ClInclude Include="..\Libraries\GLib\GLib.h">
      <Filter>Header Files\GLib</Filter>
    </ClInclude>
    <ClInclude Include="2DPhysicsObj.h">
      <Filter>Header Files\Physics</Filter>
    </ClInclude>
    <ClInclude Include="Physics.h">
      <Filter>Header Files\Physics</Filter>
    </ClInclude>
    <ClInclude Include="GameObjectOwner.h">
      <Filter>Header Files\SmartPointer</Filter>
    </ClInclude>
    <ClInclude Include="GameObject.h">
      <Filter>Header Files\SmartPointer</Filter>
    </ClInclude>
    <ClInclude Include="GameObjectObserver.h">
      <Filter>Header Files\SmartPointer</Filter>
    </ClInclude>
    <ClInclude Include="Counters.h">
      <Filter>Header Files\SmartPointer</Filter>
    </ClInclude>
    <ClInclude Include="2DPhysicsObj-inl.h">
      <Filter>Header Files\Physics</Filter>
    </ClInclude>
    <ClInclude Include="Point2D.h">
      <Filter>Header Files\Utility</Filter>
    </ClInclude>
    <ClInclude Include="Point2D-inl.h">
      <Filter>Header Files\Utility</Filter>
    </ClInclude>
    <ClInclude Include="Timing.h">
      <Filter>Header Files\Utility</Filter>
    </ClInclude>
    <ClInclude Include="Renderable.h">
      <Filter>Header Files\Renderer</Filter>
    </ClInclude>
    <ClInclude Include="Renderer.h">
      <Filter>Header Files\Renderer</Filter>
    </ClInclude>
    <ClInclude Include="Renderable-inl.h">
      <Filter>Header Files\Renderer</Filter>
    </ClInclude>
    <ClInclude Include="JSON.h">
      <Filter>Header Files\Utility</Filter>
    </ClInclude>
    <ClInclude Include="Vector4.h">
      <Filter>Header Files\Utility\Matrixes</Filter>
    </ClInclude>
    <ClInclude Include="Vector4-inl.h">
      <Filter>Header Files\Utility\Matrixes</Filter>
    </ClInclude>
    <ClInclude Include="Matrix4x4.h">
      <Filter>Header Files\Utility\Matrixes</Filter>
    </ClInclude>
    <ClInclude Include="Matrix.h">
      <Filter>Header Files\Utility\Matrixes</Filter>
    </ClInclude>
    <ClInclude Include="Matrix3x3.h">
      <Filter>Header Files\Utility\Matrixes</Filter>
    </ClInclude>
    <ClInclude Include="..\Libraries\Jobs\JobSystem\JobSystem.h">
      <Filter>Header Files\Engine\JobSystem</Filter>
    </ClInclude>
    <ClInclude Include="..\Libraries\Jobs\JobSystem\JobStatus.h">
      <Filter>Header Files\Engine\JobSystem</Filter>
    </ClInclude>
    <ClInclude Include="..\Libraries\Jobs\JobSystem\JobRunner.h">
      <Filter>Header Files\Engine\JobSystem</Filter>
    </ClInclude>
    <ClInclude Include="..\Libraries\Jobs\JobSystem\SharedJobQueue.h">
      <Filter>Header Files\Engine\JobSystem</Filter>
    </ClInclude>
    <ClInclude Include="..\Libraries\Jobs\JobSystem\SharedJobQueue-inl.h">
      <Filter>Header Files\Engine\JobSystem</Filter>
    </ClInclude>
    <ClInclude Include="..\Libraries\Jobs\JobSystem\ProcessFileJob.h">
      <Filter>Header Files\Engine\JobSystem</Filter>
    </ClInclude>
    <ClInclude Include="..\Libraries\Jobs\Windows\WindowsHelpers.h">
      <Filter>Header Files\Engine\Windows</Filter>
    </ClInclude>
    <ClInclude Include="..\Libraries\Jobs\Console\ConsolePrint.h">
      <Filter>Header Files\Engine\Console</Filter>
    </ClInclude>
    <ClInclude Include="..\Libraries\Jobs\HashedString\HashedString.h">
      <Filter>Header Files\Engine\HashedString</Filter>
    </ClInclude>
    <ClInclude Include="..\Libraries\Jobs\HashedString\HashedString-inl.h">
      <Filter>Header Files\Engine\HashedString</Filter>
    </ClInclude>
    <ClInclude Include="..\Libraries\Jobs\Syncronization\WaitableObject.Win.h">
      <Filter>Header Files\Engine\Syncronization</Filter>
    </ClInclude>
    <ClInclude Include="..\Libraries\Jobs\Syncronization\SingleWriterMultipleReader.h">
      <Filter>Header Files\Engine\Syncronization</Filter>
    </ClInclude>
    <ClInclude Include="..\Libraries\Jobs\Syncronization\SingleWriterMultipleReader.Win.h">
      <Filter>Header Files\Engine\Syncronization</Filter>
    </ClInclude>
    <ClInclude Include="..\Libraries\Jobs\Syncronization\WaitableObject.h">
      <Filter>Header Files\Engine\Syncronization</Filter>
    </ClInclude>
    <ClInclude Include="..\Libraries\Jobs\Syncronization\ScopeLock.h">
      <Filter>Header Files\Engine\Syncronization</Filter>
    </ClInclude>
    <ClInclude Include="..\Libraries\Jobs\Syncronization\Mutex.h">
      <Filter>Header Files\Engine\Syncronization</Filter>
    </ClInclude>
    <ClInclude Include="..\Libraries\Jobs\Syncronization\AtomicOperations.h">
      <Filter>Header Files\Engine\Syncronization</Filter>
    </ClInclude>
    <ClInclude Include="..\Libraries\Jobs\Syncronization\Semaphore.h">
      <Filter>Header Files\Engine\Syncronization</Filter>
    </ClInclude>
    <ClInclude Include="..\Libraries\Jobs\Syncronization\Events.h">
      <Filter>Header Files\Engine\Syncronization</Filter>
    </ClInclude>
    <ClInclude Include="GameObjectController.h">
      <Filter>Header Files\Engine</Filter>
    </ClInclude>
    <ClInclude Include="Collidable.h">
      <Filter>Header Files\Collision</Filter>
    </ClInclude>
    <ClInclude Include="Collision.h">
      <Filter>Header Files\Collision</Filter>
    </ClInclude>
  </ItemGroup>
  <ItemGroup>
    <ClCompile Include="Physics.cpp">
      <Filter>Source Files\Physics</Filter>
    </ClCompile>
    <ClCompile Include="2DPhysicsObj.cpp">
      <Filter>Source Files\Physics</Filter>
    </ClCompile>
    <ClCompile Include="Point2D.cpp">
      <Filter>Source Files\Utility</Filter>
    </ClCompile>
    <ClCompile Include="TimingWin.cpp">
      <Filter>Source Files\Utility</Filter>
    </ClCompile>
    <ClCompile Include="Renderable.cpp">
      <Filter>Source Files\Renderer</Filter>
    </ClCompile>
    <ClCompile Include="Renderer.cpp">
      <Filter>Source Files\Renderer</Filter>
    </ClCompile>
    <ClCompile Include="JSON.cpp">
      <Filter>Source Files\Utility</Filter>
    </ClCompile>
    <ClCompile Include="Vector4.cpp">
      <Filter>Source Files\Utility\Matrixes</Filter>
    </ClCompile>
    <ClCompile Include="Matrix4x4.cpp">
      <Filter>Source Files\Utility\Matrixes</Filter>
    </ClCompile>
    <ClCompile Include="Matrix.cpp">
      <Filter>Source Files\Utility\Matrixes</Filter>
    </ClCompile>
    <ClCompile Include="Matrix3x3.cpp">
      <Filter>Source Files\Utility\Matrixes</Filter>
    </ClCompile>
    <ClCompile Include="MatrixUnitTest.cpp">
      <Filter>Source Files\Utility\Matrixes</Filter>
    </ClCompile>
    <ClCompile Include="..\Libraries\Jobs\JobSystem\JobRunner.cpp">
      <Filter>Source Files\Engine\JobSystem</Filter>
    </ClCompile>
    <ClCompile Include="..\Libraries\Jobs\JobSystem\JobSystem.cpp">
      <Filter>Source Files\Engine\JobSystem</Filter>
    </ClCompile>
    <ClCompile Include="..\Libraries\Jobs\JobSystem\SharedJobQueue.cpp">
      <Filter>Source Files\Engine\JobSystem</Filter>
    </ClCompile>
    <ClCompile Include="..\Libraries\Jobs\Console\ConsolePrint.Win.cpp">
      <Filter>Source Files\Engine\Console</Filter>
    </ClCompile>
    <ClCompile Include="..\Libraries\Jobs\Console\ConsolePrint.Win32.cpp">
      <Filter>Source Files\Engine\Console</Filter>
    </ClCompile>
    <ClCompile Include="..\Libraries\Jobs\HashedString\HashedString.cpp">
      <Filter>Source Files\Engine\HashedString</Filter>
    </ClCompile>
    <ClCompile Include="..\Libraries\Jobs\Syncronization\AtomicOperations.cpp">
      <Filter>Source Files\Engine\Syncronization</Filter>
    </ClCompile>
    <ClCompile Include="..\Libraries\Jobs\Syncronization\Events.Win.cpp">
      <Filter>Source Files\Engine\Syncronization</Filter>
    </ClCompile>
    <ClCompile Include="..\Libraries\Jobs\Syncronization\Mutex.Win.cpp">
      <Filter>Source Files\Engine\Syncronization</Filter>
    </ClCompile>
    <ClCompile Include="..\Libraries\Jobs\Syncronization\Semaphore.Win.cpp">
      <Filter>Source Files\Engine\Syncronization</Filter>
    </ClCompile>
    <ClCompile Include="GameObjectController.cpp">
      <Filter>Source Files\Engine</Filter>
    </ClCompile>
    <ClCompile Include="Collision.cpp">
      <Filter>Source Files\Collision</Filter>
    </ClCompile>
    <ClCompile Include="Collidable.cpp">
      <Filter>Source Files\Collision</Filter>
    </ClCompile>
  </ItemGroup>
</Project>